// !$*UTF8*$!
{
	archiveVersion = 1;
	classes = {
	};
	objectVersion = 46;
	objects = {

/* Begin PBXBuildFile section */
		831443A81CD54BD9004253E3 /* main.m in Sources */ = {isa = PBXBuildFile; fileRef = 831443A71CD54BD9004253E3 /* main.m */; };
		831443AB1CD54BD9004253E3 /* AppDelegate.m in Sources */ = {isa = PBXBuildFile; fileRef = 831443AA1CD54BD9004253E3 /* AppDelegate.m */; };
		831443AE1CD54BD9004253E3 /* ViewController.m in Sources */ = {isa = PBXBuildFile; fileRef = 831443AD1CD54BD9004253E3 /* ViewController.m */; };
		831443B11CD54BD9004253E3 /* Main.storyboard in Resources */ = {isa = PBXBuildFile; fileRef = 831443AF1CD54BD9004253E3 /* Main.storyboard */; };
		831443B31CD54BD9004253E3 /* Assets.xcassets in Resources */ = {isa = PBXBuildFile; fileRef = 831443B21CD54BD9004253E3 /* Assets.xcassets */; };
		831443B61CD54BD9004253E3 /* LaunchScreen.storyboard in Resources */ = {isa = PBXBuildFile; fileRef = 831443B41CD54BD9004253E3 /* LaunchScreen.storyboard */; };
		831443BE1CD54FAC004253E3 /* trollface.jpg in Resources */ = {isa = PBXBuildFile; fileRef = 831443BD1CD54FAC004253E3 /* trollface.jpg */; };
/* End PBXBuildFile section */

/* Begin PBXFileReference section */
		831443A31CD54BD9004253E3 /* TrollDrop.app */ = {isa = PBXFileReference; explicitFileType = wrapper.application; includeInIndex = 0; path = TrollDrop.app; sourceTree = BUILT_PRODUCTS_DIR; };
		831443A71CD54BD9004253E3 /* main.m */ = {isa = PBXFileReference; lastKnownFileType = sourcecode.c.objc; path = main.m; sourceTree = "<group>"; };
		831443A91CD54BD9004253E3 /* AppDelegate.h */ = {isa = PBXFileReference; lastKnownFileType = sourcecode.c.h; path = AppDelegate.h; sourceTree = "<group>"; };
		831443AA1CD54BD9004253E3 /* AppDelegate.m */ = {isa = PBXFileReference; lastKnownFileType = sourcecode.c.objc; path = AppDelegate.m; sourceTree = "<group>"; };
		831443AC1CD54BD9004253E3 /* ViewController.h */ = {isa = PBXFileReference; lastKnownFileType = sourcecode.c.h; path = ViewController.h; sourceTree = "<group>"; };
		831443AD1CD54BD9004253E3 /* ViewController.m */ = {isa = PBXFileReference; lastKnownFileType = sourcecode.c.objc; path = ViewController.m; sourceTree = "<group>"; };
		831443B01CD54BD9004253E3 /* Base */ = {isa = PBXFileReference; lastKnownFileType = file.storyboard; name = Base; path = Base.lproj/Main.storyboard; sourceTree = "<group>"; };
		831443B21CD54BD9004253E3 /* Assets.xcassets */ = {isa = PBXFileReference; lastKnownFileType = folder.assetcatalog; path = Assets.xcassets; sourceTree = "<group>"; };
		831443B51CD54BD9004253E3 /* Base */ = {isa = PBXFileReference; lastKnownFileType = file.storyboard; name = Base; path = Base.lproj/LaunchScreen.storyboard; sourceTree = "<group>"; };
		831443B71CD54BD9004253E3 /* Info.plist */ = {isa = PBXFileReference; lastKnownFileType = text.plist.xml; path = Info.plist; sourceTree = "<group>"; };
		831443BD1CD54FAC004253E3 /* trollface.jpg */ = {isa = PBXFileReference; lastKnownFileType = image.jpeg; path = trollface.jpg; sourceTree = "<group>"; };
/* End PBXFileReference section */

/* Begin PBXFrameworksBuildPhase section */
		831443A01CD54BD9004253E3 /* Frameworks */ = {
			isa = PBXFrameworksBuildPhase;
			buildActionMask = 2147483647;
			files = (
			);
			runOnlyForDeploymentPostprocessing = 0;
		};
/* End PBXFrameworksBuildPhase section */

/* Begin PBXGroup section */
		8314439A1CD54BD9004253E3 = {
			isa = PBXGroup;
			children = (
				831443A51CD54BD9004253E3 /* TrollDrop */,
				831443A41CD54BD9004253E3 /* Products */,
			);
			sourceTree = "<group>";
		};
		831443A41CD54BD9004253E3 /* Products */ = {
			isa = PBXGroup;
			children = (
				831443A31CD54BD9004253E3 /* TrollDrop.app */,
			);
			name = Products;
			sourceTree = "<group>";
		};
		831443A51CD54BD9004253E3 /* TrollDrop */ = {
			isa = PBXGroup;
			children = (
				831443A91CD54BD9004253E3 /* AppDelegate.h */,
				831443AA1CD54BD9004253E3 /* AppDelegate.m */,
				831443B21CD54BD9004253E3 /* Assets.xcassets */,
				831443BD1CD54FAC004253E3 /* trollface.jpg */,
				831443B71CD54BD9004253E3 /* Info.plist */,
				831443B41CD54BD9004253E3 /* LaunchScreen.storyboard */,
				831443AF1CD54BD9004253E3 /* Main.storyboard */,
				831443A61CD54BD9004253E3 /* Supporting Files */,
				831443AC1CD54BD9004253E3 /* ViewController.h */,
				831443AD1CD54BD9004253E3 /* ViewController.m */,
			);
			path = TrollDrop;
			sourceTree = "<group>";
		};
		831443A61CD54BD9004253E3 /* Supporting Files */ = {
			isa = PBXGroup;
			children = (
				831443A71CD54BD9004253E3 /* main.m */,
			);
			name = "Supporting Files";
			sourceTree = "<group>";
		};
/* End PBXGroup section */

/* Begin PBXNativeTarget section */
		831443A21CD54BD9004253E3 /* TrollDrop */ = {
			isa = PBXNativeTarget;
			buildConfigurationList = 831443BA1CD54BD9004253E3 /* Build configuration list for PBXNativeTarget "TrollDrop" */;
			buildPhases = (
				8314439F1CD54BD9004253E3 /* Sources */,
				831443A01CD54BD9004253E3 /* Frameworks */,
				831443A11CD54BD9004253E3 /* Resources */,
			);
			buildRules = (
			);
			dependencies = (
			);
			name = TrollDrop;
			productName = TrollDrop;
			productReference = 831443A31CD54BD9004253E3 /* TrollDrop.app */;
			productType = "com.apple.product-type.application";
		};
/* End PBXNativeTarget section */

/* Begin PBXProject section */
		8314439B1CD54BD9004253E3 /* Project object */ = {
			isa = PBXProject;
			attributes = {
				LastUpgradeCheck = 0730;
				ORGANIZATIONNAME = "Pandamonia LLC";
				TargetAttributes = {
					831443A21CD54BD9004253E3 = {
						CreatedOnToolsVersion = 7.3;
					};
				};
			};
			buildConfigurationList = 8314439E1CD54BD9004253E3 /* Build configuration list for PBXProject "TrollDrop" */;
			compatibilityVersion = "Xcode 3.2";
			developmentRegion = English;
			hasScannedForEncodings = 0;
			knownRegions = (
				en,
				Base,
			);
			mainGroup = 8314439A1CD54BD9004253E3;
			productRefGroup = 831443A41CD54BD9004253E3 /* Products */;
			projectDirPath = "";
			projectRoot = "";
			targets = (
				831443A21CD54BD9004253E3 /* TrollDrop */,
			);
		};
/* End PBXProject section */

/* Begin PBXResourcesBuildPhase section */
		831443A11CD54BD9004253E3 /* Resources */ = {
			isa = PBXResourcesBuildPhase;
			buildActionMask = 2147483647;
			files = (
				831443B61CD54BD9004253E3 /* LaunchScreen.storyboard in Resources */,
				831443BE1CD54FAC004253E3 /* trollface.jpg in Resources */,
				831443B31CD54BD9004253E3 /* Assets.xcassets in Resources */,
				831443B11CD54BD9004253E3 /* Main.storyboard in Resources */,
			);
			runOnlyForDeploymentPostprocessing = 0;
		};
/* End PBXResourcesBuildPhase section */

/* Begin PBXSourcesBuildPhase section */
		8314439F1CD54BD9004253E3 /* Sources */ = {
			isa = PBXSourcesBuildPhase;
			buildActionMask = 2147483647;
			files = (
				831443AE1CD54BD9004253E3 /* ViewController.m in Sources */,
				831443AB1CD54BD9004253E3 /* AppDelegate.m in Sources */,
				831443A81CD54BD9004253E3 /* main.m in Sources */,
			);
			runOnlyForDeploymentPostprocessing = 0;
		};
/* End PBXSourcesBuildPhase section */

/* Begin PBXVariantGroup section */
		831443AF1CD54BD9004253E3 /* Main.storyboard */ = {
			isa = PBXVariantGroup;
			children = (
				831443B01CD54BD9004253E3 /* Base */,
			);
			name = Main.storyboard;
			sourceTree = "<group>";
		};
		831443B41CD54BD9004253E3 /* LaunchScreen.storyboard */ = {
			isa = PBXVariantGroup;
			children = (
				831443B51CD54BD9004253E3 /* Base */,
			);
			name = LaunchScreen.storyboard;
			sourceTree = "<group>";
		};
/* End PBXVariantGroup section */

/* Begin XCBuildConfiguration section */
		831443B81CD54BD9004253E3 /* Debug */ = {
			isa = XCBuildConfiguration;
			buildSettings = {
				ALWAYS_SEARCH_USER_PATHS = NO;
				CLANG_ANALYZER_NONNULL = YES;
				CLANG_CXX_LANGUAGE_STANDARD = "gnu++0x";
				CLANG_CXX_LIBRARY = "libc++";
				CLANG_ENABLE_MODULES = YES;
				CLANG_ENABLE_OBJC_ARC = YES;
				CLANG_WARN_BOOL_CONVERSION = YES;
				CLANG_WARN_CONSTANT_CONVERSION = YES;
				CLANG_WARN_DIRECT_OBJC_ISA_USAGE = YES_ERROR;
				CLANG_WARN_EMPTY_BODY = YES;
				CLANG_WARN_ENUM_CONVERSION = YES;
				CLANG_WARN_INT_CONVERSION = YES;
				CLANG_WARN_OBJC_ROOT_CLASS = YES_ERROR;
				CLANG_WARN_UNREACHABLE_CODE = YES;
				CLANG_WARN__DUPLICATE_METHOD_MATCH = YES;
				"CODE_SIGN_IDENTITY[sdk=iphoneos*]" = "iPhone Developer";
				COPY_PHASE_STRIP = NO;
				DEBUG_INFORMATION_FORMAT = dwarf;
				ENABLE_STRICT_OBJC_MSGSEND = YES;
				ENABLE_TESTABILITY = YES;
				GCC_C_LANGUAGE_STANDARD = gnu99;
				GCC_DYNAMIC_NO_PIC = NO;
				GCC_NO_COMMON_BLOCKS = YES;
				GCC_OPTIMIZATION_LEVEL = 0;
				GCC_PREPROCESSOR_DEFINITIONS = (
					"DEBUG=1",
					"$(inherited)",
				);
				GCC_WARN_64_TO_32_BIT_CONVERSION = YES;
				GCC_WARN_ABOUT_RETURN_TYPE = YES_ERROR;
				GCC_WARN_UNDECLARED_SELECTOR = YES;
				GCC_WARN_UNINITIALIZED_AUTOS = YES_AGGRESSIVE;
				GCC_WARN_UNUSED_FUNCTION = YES;
				GCC_WARN_UNUSED_VARIABLE = YES;
				IPHONEOS_DEPLOYMENT_TARGET = 9.3;
				MTL_ENABLE_DEBUG_INFO = YES;
				ONLY_ACTIVE_ARCH = YES;
				SDKROOT = iphoneos;
				TARGETED_DEVICE_FAMILY = "1,2";
			};
			name = Debug;
		};
		831443B91CD54BD9004253E3 /* Release */ = {
			isa = XCBuildConfiguration;
			buildSettings = {
				ALWAYS_SEARCH_USER_PATHS = NO;
				CLANG_ANALYZER_NONNULL = YES;
				CLANG_CXX_LANGUAGE_STANDARD = "gnu++0x";
				CLANG_CXX_LIBRARY = "libc++";
				CLANG_ENABLE_MODULES = YES;
				CLANG_ENABLE_OBJC_ARC = YES;
				CLANG_WARN_BOOL_CONVERSION = YES;
				CLANG_WARN_CONSTANT_CONVERSION = YES;
				CLANG_WARN_DIRECT_OBJC_ISA_USAGE = YES_ERROR;
				CLANG_WARN_EMPTY_BODY = YES;
				CLANG_WARN_ENUM_CONVERSION = YES;
				CLANG_WARN_INT_CONVERSION = YES;
				CLANG_WARN_OBJC_ROOT_CLASS = YES_ERROR;
				CLANG_WARN_UNREACHABLE_CODE = YES;
				CLANG_WARN__DUPLICATE_METHOD_MATCH = YES;
				"CODE_SIGN_IDENTITY[sdk=iphoneos*]" = "iPhone Developer";
				COPY_PHASE_STRIP = NO;
				DEBUG_INFORMATION_FORMAT = "dwarf-with-dsym";
				ENABLE_NS_ASSERTIONS = NO;
				ENABLE_STRICT_OBJC_MSGSEND = YES;
				GCC_C_LANGUAGE_STANDARD = gnu99;
				GCC_NO_COMMON_BLOCKS = YES;
				GCC_WARN_64_TO_32_BIT_CONVERSION = YES;
				GCC_WARN_ABOUT_RETURN_TYPE = YES_ERROR;
				GCC_WARN_UNDECLARED_SELECTOR = YES;
				GCC_WARN_UNINITIALIZED_AUTOS = YES_AGGRESSIVE;
				GCC_WARN_UNUSED_FUNCTION = YES;
				GCC_WARN_UNUSED_VARIABLE = YES;
				IPHONEOS_DEPLOYMENT_TARGET = 9.3;
				MTL_ENABLE_DEBUG_INFO = NO;
				SDKROOT = iphoneos;
				TARGETED_DEVICE_FAMILY = "1,2";
				VALIDATE_PRODUCT = YES;
			};
			name = Release;
		};
		831443BB1CD54BD9004253E3 /* Debug */ = {
			isa = XCBuildConfiguration;
			buildSettings = {
				ASSETCATALOG_COMPILER_APPICON_NAME = AppIcon;
				INFOPLIST_FILE = TrollDrop/Info.plist;
				LD_RUNPATH_SEARCH_PATHS = "$(inherited) @executable_path/Frameworks";
				PRODUCT_BUNDLE_IDENTIFIER = us.pandamonia.TrollDrop;
				PRODUCT_NAME = "$(TARGET_NAME)";
			};
			name = Debug;
		};
		831443BC1CD54BD9004253E3 /* Release */ = {
			isa = XCBuildConfiguration;
			buildSettings = {
				ASSETCATALOG_COMPILER_APPICON_NAME = AppIcon;
				INFOPLIST_FILE = TrollDrop/Info.plist;
				LD_RUNPATH_SEARCH_PATHS = "$(inherited) @executable_path/Frameworks";
				PRODUCT_BUNDLE_IDENTIFIER = us.pandamonia.TrollDrop;
				PRODUCT_NAME = "$(TARGET_NAME)";
			};
			name = Release;
		};
/* End XCBuildConfiguration section */

/* Begin XCConfigurationList section */
		8314439E1CD54BD9004253E3 /* Build configuration list for PBXProject "TrollDrop" */ = {
			isa = XCConfigurationList;
			buildConfigurations = (
				831443B81CD54BD9004253E3 /* Debug */,
				831443B91CD54BD9004253E3 /* Release */,
			);
			defaultConfigurationIsVisible = 0;
			defaultConfigurationName = Release;
		};
		831443BA1CD54BD9004253E3 /* Build configuration list for PBXNativeTarget "TrollDrop" */ = {
			isa = XCConfigurationList;
			buildConfigurations = (
				831443BB1CD54BD9004253E3 /* Debug */,
				831443BC1CD54BD9004253E3 /* Release */,
			);
			defaultConfigurationIsVisible = 0;
		};
/* End XCConfigurationList section */
	};
	rootObject = 8314439B1CD54BD9004253E3 /* Project object */;
}
